// !$*UTF8*$!
{
	archiveVersion = 1;
	classes = {
	};
	objectVersion = 52;
	objects = {

/* Begin PBXBuildFile section */
		5E107891264D587100AF1F82 /* BombAnimation.swift in Sources */ = {isa = PBXBuildFile; fileRef = 5E107890264D587100AF1F82 /* BombAnimation.swift */; };
		5E107895264D5C0100AF1F82 /* TopLogo.gif in Resources */ = {isa = PBXBuildFile; fileRef = 5E107894264D5C0100AF1F82 /* TopLogo.gif */; };
		5E107898264D5D1500AF1F82 /* BottomLogo.gif in Resources */ = {isa = PBXBuildFile; fileRef = 5E107897264D5D1500AF1F82 /* BottomLogo.gif */; };
		5E18CDEB26393B17002A3CFD /* AppDelegate.swift in Sources */ = {isa = PBXBuildFile; fileRef = 5E18CDEA26393B17002A3CFD /* AppDelegate.swift */; };
		5E18CDED26393B17002A3CFD /* SceneDelegate.swift in Sources */ = {isa = PBXBuildFile; fileRef = 5E18CDEC26393B17002A3CFD /* SceneDelegate.swift */; };
		5E18CDEF26393B17002A3CFD /* LiarGameViewController.swift in Sources */ = {isa = PBXBuildFile; fileRef = 5E18CDEE26393B17002A3CFD /* LiarGameViewController.swift */; };
		5E18CDF426393B1C002A3CFD /* Assets.xcassets in Resources */ = {isa = PBXBuildFile; fileRef = 5E18CDF326393B1C002A3CFD /* Assets.xcassets */; };
		5E18CDF726393B1C002A3CFD /* LaunchScreen.storyboard in Resources */ = {isa = PBXBuildFile; fileRef = 5E18CDF526393B1C002A3CFD /* LaunchScreen.storyboard */; };
		5E18CE0126393BE5002A3CFD /* SnapKit in Frameworks */ = {isa = PBXBuildFile; productRef = 5E18CE0026393BE5002A3CFD /* SnapKit */; };
		5E18CE0726394894002A3CFD /* TopicCollectionViewCell.swift in Sources */ = {isa = PBXBuildFile; fileRef = 5E18CE0626394894002A3CFD /* TopicCollectionViewCell.swift */; };
		5E1DFDA9263C156F0095BD49 /* Word.swift in Sources */ = {isa = PBXBuildFile; fileRef = 5E1DFDA8263C156F0095BD49 /* Word.swift */; };
		5E496EE4263C4A2100F82665 /* CustomButton.swift in Sources */ = {isa = PBXBuildFile; fileRef = 5E496EE3263C4A2100F82665 /* CustomButton.swift */; };
		5E496EEA263CF04600F82665 /* Korean.swift in Sources */ = {isa = PBXBuildFile; fileRef = 5E496EE9263CF04600F82665 /* Korean.swift */; };
		5E496EEE263FCFE400F82665 /* MovieInitialViewController.swift in Sources */ = {isa = PBXBuildFile; fileRef = 5E496EED263FCFE400F82665 /* MovieInitialViewController.swift */; };
		5E496EF72640DC9A00F82665 /* BombGameViewController.swift in Sources */ = {isa = PBXBuildFile; fileRef = 5E496EF62640DC9A00F82665 /* BombGameViewController.swift */; };
		5E496EFA2640DCAC00F82665 /* MovieAlphabet.swift in Sources */ = {isa = PBXBuildFile; fileRef = 5E496EF92640DCAC00F82665 /* MovieAlphabet.swift */; };
		5E496EFE26410BDA00F82665 /* PersonCollectionViewCell.swift in Sources */ = {isa = PBXBuildFile; fileRef = 5E496EFD26410BDA00F82665 /* PersonCollectionViewCell.swift */; };
		5E496F012641160A00F82665 /* MiniGameViewController.swift in Sources */ = {isa = PBXBuildFile; fileRef = 5E496F002641160A00F82665 /* MiniGameViewController.swift */; };
		5E496F0826440C1E00F82665 /* Swift-Regular_43151.ttf in Resources */ = {isa = PBXBuildFile; fileRef = 5E496F0726440C1E00F82665 /* Swift-Regular_43151.ttf */; };
		5E496F1326453A7800F82665 /* CustomGameLabel.swift in Sources */ = {isa = PBXBuildFile; fileRef = 5E496F1226453A7800F82665 /* CustomGameLabel.swift */; };
		5E496F1626453B3000F82665 /* MiniGameViewControllerTwo.swift in Sources */ = {isa = PBXBuildFile; fileRef = 5E496F1526453B3000F82665 /* MiniGameViewControllerTwo.swift */; };
		5E496F1926457B4500F82665 /* KoreanLabel.swift in Sources */ = {isa = PBXBuildFile; fileRef = 5E496F1826457B4500F82665 /* KoreanLabel.swift */; };
		5E496F1C26465BA900F82665 /* KoreanCollectionViewCell.swift in Sources */ = {isa = PBXBuildFile; fileRef = 5E496F1B26465BA900F82665 /* KoreanCollectionViewCell.swift */; };
		5E496F21264A267500F82665 /* GameTableViewCell.swift in Sources */ = {isa = PBXBuildFile; fileRef = 5E496F20264A267500F82665 /* GameTableViewCell.swift */; };
		5E496F24264A780000F82665 /* KoreanQuizViewControllerTwo.swift in Sources */ = {isa = PBXBuildFile; fileRef = 5E496F23264A780000F82665 /* KoreanQuizViewControllerTwo.swift */; };
		5E496F2A264BA0E700F82665 /* Extension+UIImage.swift in Sources */ = {isa = PBXBuildFile; fileRef = 5E496F29264BA0E600F82665 /* Extension+UIImage.swift */; };
		5E496F2E264D02BC00F82665 /* LiarGameVC.swift in Sources */ = {isa = PBXBuildFile; fileRef = 5E496F2D264D02BC00F82665 /* LiarGameVC.swift */; };
/* End PBXBuildFile section */

/* Begin PBXFileReference section */
		5E107890264D587100AF1F82 /* BombAnimation.swift */ = {isa = PBXFileReference; lastKnownFileType = sourcecode.swift; path = BombAnimation.swift; sourceTree = "<group>"; };
		5E107894264D5C0100AF1F82 /* TopLogo.gif */ = {isa = PBXFileReference; lastKnownFileType = image.gif; name = TopLogo.gif; path = ../../../../Downloads/TopLogo.gif; sourceTree = "<group>"; };
		5E107897264D5D1500AF1F82 /* BottomLogo.gif */ = {isa = PBXFileReference; lastKnownFileType = image.gif; path = BottomLogo.gif; sourceTree = "<group>"; };
		5E18CDE726393B17002A3CFD /* MiniGame.app */ = {isa = PBXFileReference; explicitFileType = wrapper.application; includeInIndex = 0; path = MiniGame.app; sourceTree = BUILT_PRODUCTS_DIR; };
		5E18CDEA26393B17002A3CFD /* AppDelegate.swift */ = {isa = PBXFileReference; lastKnownFileType = sourcecode.swift; path = AppDelegate.swift; sourceTree = "<group>"; };
		5E18CDEC26393B17002A3CFD /* SceneDelegate.swift */ = {isa = PBXFileReference; lastKnownFileType = sourcecode.swift; path = SceneDelegate.swift; sourceTree = "<group>"; };
		5E18CDEE26393B17002A3CFD /* LiarGameViewController.swift */ = {isa = PBXFileReference; lastKnownFileType = sourcecode.swift; path = LiarGameViewController.swift; sourceTree = "<group>"; };
		5E18CDF326393B1C002A3CFD /* Assets.xcassets */ = {isa = PBXFileReference; lastKnownFileType = folder.assetcatalog; path = Assets.xcassets; sourceTree = "<group>"; };
		5E18CDF626393B1C002A3CFD /* Base */ = {isa = PBXFileReference; lastKnownFileType = file.storyboard; name = Base; path = Base.lproj/LaunchScreen.storyboard; sourceTree = "<group>"; };
		5E18CDF826393B1C002A3CFD /* Info.plist */ = {isa = PBXFileReference; lastKnownFileType = text.plist.xml; path = Info.plist; sourceTree = "<group>"; };
		5E18CE0626394894002A3CFD /* TopicCollectionViewCell.swift */ = {isa = PBXFileReference; lastKnownFileType = sourcecode.swift; path = TopicCollectionViewCell.swift; sourceTree = "<group>"; };
		5E1DFDA8263C156F0095BD49 /* Word.swift */ = {isa = PBXFileReference; lastKnownFileType = sourcecode.swift; path = Word.swift; sourceTree = "<group>"; };
		5E496EE3263C4A2100F82665 /* CustomButton.swift */ = {isa = PBXFileReference; lastKnownFileType = sourcecode.swift; path = CustomButton.swift; sourceTree = "<group>"; };
		5E496EE9263CF04600F82665 /* Korean.swift */ = {isa = PBXFileReference; lastKnownFileType = sourcecode.swift; path = Korean.swift; sourceTree = "<group>"; };
		5E496EED263FCFE400F82665 /* MovieInitialViewController.swift */ = {isa = PBXFileReference; lastKnownFileType = sourcecode.swift; path = MovieInitialViewController.swift; sourceTree = "<group>"; };
		5E496EF62640DC9A00F82665 /* BombGameViewController.swift */ = {isa = PBXFileReference; lastKnownFileType = sourcecode.swift; path = BombGameViewController.swift; sourceTree = "<group>"; };
		5E496EF92640DCAC00F82665 /* MovieAlphabet.swift */ = {isa = PBXFileReference; lastKnownFileType = sourcecode.swift; path = MovieAlphabet.swift; sourceTree = "<group>"; };
		5E496EFD26410BDA00F82665 /* PersonCollectionViewCell.swift */ = {isa = PBXFileReference; lastKnownFileType = sourcecode.swift; path = PersonCollectionViewCell.swift; sourceTree = "<group>"; };
		5E496F002641160A00F82665 /* MiniGameViewController.swift */ = {isa = PBXFileReference; lastKnownFileType = sourcecode.swift; path = MiniGameViewController.swift; sourceTree = "<group>"; };
		5E496F0726440C1E00F82665 /* Swift-Regular_43151.ttf */ = {isa = PBXFileReference; lastKnownFileType = file; path = "Swift-Regular_43151.ttf"; sourceTree = "<group>"; };
		5E496F1226453A7800F82665 /* CustomGameLabel.swift */ = {isa = PBXFileReference; lastKnownFileType = sourcecode.swift; path = CustomGameLabel.swift; sourceTree = "<group>"; };
		5E496F1526453B3000F82665 /* MiniGameViewControllerTwo.swift */ = {isa = PBXFileReference; lastKnownFileType = sourcecode.swift; path = MiniGameViewControllerTwo.swift; sourceTree = "<group>"; };
		5E496F1826457B4500F82665 /* KoreanLabel.swift */ = {isa = PBXFileReference; lastKnownFileType = sourcecode.swift; path = KoreanLabel.swift; sourceTree = "<group>"; };
		5E496F1B26465BA900F82665 /* KoreanCollectionViewCell.swift */ = {isa = PBXFileReference; lastKnownFileType = sourcecode.swift; path = KoreanCollectionViewCell.swift; sourceTree = "<group>"; };
		5E496F20264A267500F82665 /* GameTableViewCell.swift */ = {isa = PBXFileReference; lastKnownFileType = sourcecode.swift; path = GameTableViewCell.swift; sourceTree = "<group>"; };
		5E496F23264A780000F82665 /* KoreanQuizViewControllerTwo.swift */ = {isa = PBXFileReference; lastKnownFileType = sourcecode.swift; path = KoreanQuizViewControllerTwo.swift; sourceTree = "<group>"; };
		5E496F29264BA0E600F82665 /* Extension+UIImage.swift */ = {isa = PBXFileReference; lastKnownFileType = sourcecode.swift; path = "Extension+UIImage.swift"; sourceTree = "<group>"; };
		5E496F2D264D02BC00F82665 /* LiarGameVC.swift */ = {isa = PBXFileReference; lastKnownFileType = sourcecode.swift; path = LiarGameVC.swift; sourceTree = "<group>"; };
/* End PBXFileReference section */

/* Begin PBXFrameworksBuildPhase section */
		5E18CDE426393B17002A3CFD /* Frameworks */ = {
			isa = PBXFrameworksBuildPhase;
			buildActionMask = 2147483647;
			files = (
				5E18CE0126393BE5002A3CFD /* SnapKit in Frameworks */,
			);
			runOnlyForDeploymentPostprocessing = 0;
		};
/* End PBXFrameworksBuildPhase section */

/* Begin PBXGroup section */
		5E18CDDE26393B17002A3CFD = {
			isa = PBXGroup;
			children = (
				5E18CDE926393B17002A3CFD /* MiniGame */,
				5E18CDE826393B17002A3CFD /* Products */,
			);
			sourceTree = "<group>";
		};
		5E18CDE826393B17002A3CFD /* Products */ = {
			isa = PBXGroup;
			children = (
				5E18CDE726393B17002A3CFD /* MiniGame.app */,
			);
			name = Products;
			sourceTree = "<group>";
		};
		5E18CDE926393B17002A3CFD /* MiniGame */ = {
			isa = PBXGroup;
			children = (
				5E496EF1263FD2B400F82665 /* Model */,
				5E496EF2263FD2CC00F82665 /* View */,
				5E496EF4263FD2DE00F82665 /* Controller */,
				5E496EF3263FD2D400F82665 /* Support */,
				5E18CDEA26393B17002A3CFD /* AppDelegate.swift */,
				5E18CDEC26393B17002A3CFD /* SceneDelegate.swift */,
				5E107894264D5C0100AF1F82 /* TopLogo.gif */,
				5E107897264D5D1500AF1F82 /* BottomLogo.gif */,
				5E18CDF326393B1C002A3CFD /* Assets.xcassets */,
				5E18CDF526393B1C002A3CFD /* LaunchScreen.storyboard */,
				5E496F0726440C1E00F82665 /* Swift-Regular_43151.ttf */,
				5E18CDF826393B1C002A3CFD /* Info.plist */,
			);
			path = MiniGame;
			sourceTree = "<group>";
		};
		5E496EF1263FD2B400F82665 /* Model */ = {
			isa = PBXGroup;
			children = (
				5E1DFDA8263C156F0095BD49 /* Word.swift */,
				5E496EE9263CF04600F82665 /* Korean.swift */,
				5E496EF92640DCAC00F82665 /* MovieAlphabet.swift */,
			);
			path = Model;
			sourceTree = "<group>";
		};
		5E496EF2263FD2CC00F82665 /* View */ = {
			isa = PBXGroup;
			children = (
				5E18CE0626394894002A3CFD /* TopicCollectionViewCell.swift */,
				5E496F1B26465BA900F82665 /* KoreanCollectionViewCell.swift */,
				5E496EFD26410BDA00F82665 /* PersonCollectionViewCell.swift */,
				5E496F20264A267500F82665 /* GameTableViewCell.swift */,
				5E496EE3263C4A2100F82665 /* CustomButton.swift */,
				5E496F1226453A7800F82665 /* CustomGameLabel.swift */,
				5E496F1826457B4500F82665 /* KoreanLabel.swift */,
				5E496F29264BA0E600F82665 /* Extension+UIImage.swift */,
				5E107890264D587100AF1F82 /* BombAnimation.swift */,
			);
			path = View;
			sourceTree = "<group>";
		};
		5E496EF3263FD2D400F82665 /* Support */ = {
			isa = PBXGroup;
			children = (
			);
			path = Support;
			sourceTree = "<group>";
		};
		5E496EF4263FD2DE00F82665 /* Controller */ = {
			isa = PBXGroup;
			children = (
				5E496F002641160A00F82665 /* MiniGameViewController.swift */,
				5E496F1526453B3000F82665 /* MiniGameViewControllerTwo.swift */,
				5E18CDEE26393B17002A3CFD /* LiarGameViewController.swift */,
				5E496F2D264D02BC00F82665 /* LiarGameVC.swift */,
				5E496F23264A780000F82665 /* KoreanQuizViewControllerTwo.swift */,
				5E496EED263FCFE400F82665 /* MovieInitialViewController.swift */,
				5E496EF62640DC9A00F82665 /* BombGameViewController.swift */,
			);
			path = Controller;
			sourceTree = "<group>";
		};
/* End PBXGroup section */

/* Begin PBXNativeTarget section */
		5E18CDE626393B17002A3CFD /* MiniGame */ = {
			isa = PBXNativeTarget;
			buildConfigurationList = 5E18CDFB26393B1C002A3CFD /* Build configuration list for PBXNativeTarget "MiniGame" */;
			buildPhases = (
				5E18CDE326393B17002A3CFD /* Sources */,
				5E18CDE426393B17002A3CFD /* Frameworks */,
				5E18CDE526393B17002A3CFD /* Resources */,
			);
			buildRules = (
			);
			dependencies = (
			);
			name = MiniGame;
			packageProductDependencies = (
				5E18CE0026393BE5002A3CFD /* SnapKit */,
			);
			productName = MiniGame;
			productReference = 5E18CDE726393B17002A3CFD /* MiniGame.app */;
			productType = "com.apple.product-type.application";
		};
/* End PBXNativeTarget section */

/* Begin PBXProject section */
		5E18CDDF26393B17002A3CFD /* Project object */ = {
			isa = PBXProject;
			attributes = {
				LastSwiftUpdateCheck = 1240;
				LastUpgradeCheck = 1240;
				TargetAttributes = {
					5E18CDE626393B17002A3CFD = {
						CreatedOnToolsVersion = 12.4;
					};
				};
			};
			buildConfigurationList = 5E18CDE226393B17002A3CFD /* Build configuration list for PBXProject "MiniGame" */;
			compatibilityVersion = "Xcode 9.3";
			developmentRegion = en;
			hasScannedForEncodings = 0;
			knownRegions = (
				en,
				Base,
			);
			mainGroup = 5E18CDDE26393B17002A3CFD;
			packageReferences = (
				5E18CDFF26393BE5002A3CFD /* XCRemoteSwiftPackageReference "SnapKit" */,
			);
			productRefGroup = 5E18CDE826393B17002A3CFD /* Products */;
			projectDirPath = "";
			projectRoot = "";
			targets = (
				5E18CDE626393B17002A3CFD /* MiniGame */,
			);
		};
/* End PBXProject section */

/* Begin PBXResourcesBuildPhase section */
		5E18CDE526393B17002A3CFD /* Resources */ = {
			isa = PBXResourcesBuildPhase;
			buildActionMask = 2147483647;
			files = (
				5E18CDF726393B1C002A3CFD /* LaunchScreen.storyboard in Resources */,
				5E496F0826440C1E00F82665 /* Swift-Regular_43151.ttf in Resources */,
				5E107898264D5D1500AF1F82 /* BottomLogo.gif in Resources */,
				5E18CDF426393B1C002A3CFD /* Assets.xcassets in Resources */,
				5E107895264D5C0100AF1F82 /* TopLogo.gif in Resources */,
			);
			runOnlyForDeploymentPostprocessing = 0;
		};
/* End PBXResourcesBuildPhase section */

/* Begin PBXSourcesBuildPhase section */
		5E18CDE326393B17002A3CFD /* Sources */ = {
			isa = PBXSourcesBuildPhase;
			buildActionMask = 2147483647;
			files = (
				5E496EEE263FCFE400F82665 /* MovieInitialViewController.swift in Sources */,
				5E496EFA2640DCAC00F82665 /* MovieAlphabet.swift in Sources */,
				5E496F24264A780000F82665 /* KoreanQuizViewControllerTwo.swift in Sources */,
				5E496EEA263CF04600F82665 /* Korean.swift in Sources */,
				5E107891264D587100AF1F82 /* BombAnimation.swift in Sources */,
				5E496F012641160A00F82665 /* MiniGameViewController.swift in Sources */,
				5E18CDEF26393B17002A3CFD /* LiarGameViewController.swift in Sources */,
				5E496F1326453A7800F82665 /* CustomGameLabel.swift in Sources */,
				5E496F1926457B4500F82665 /* KoreanLabel.swift in Sources */,
				5E18CDEB26393B17002A3CFD /* AppDelegate.swift in Sources */,
				5E18CDED26393B17002A3CFD /* SceneDelegate.swift in Sources */,
				5E496F2E264D02BC00F82665 /* LiarGameVC.swift in Sources */,
				5E496F2A264BA0E700F82665 /* Extension+UIImage.swift in Sources */,
				5E496F1626453B3000F82665 /* MiniGameViewControllerTwo.swift in Sources */,
				5E496F21264A267500F82665 /* GameTableViewCell.swift in Sources */,
				5E496F1C26465BA900F82665 /* KoreanCollectionViewCell.swift in Sources */,
				5E496EE4263C4A2100F82665 /* CustomButton.swift in Sources */,
				5E18CE0726394894002A3CFD /* TopicCollectionViewCell.swift in Sources */,
				5E496EF72640DC9A00F82665 /* BombGameViewController.swift in Sources */,
				5E1DFDA9263C156F0095BD49 /* Word.swift in Sources */,
				5E496EFE26410BDA00F82665 /* PersonCollectionViewCell.swift in Sources */,
			);
			runOnlyForDeploymentPostprocessing = 0;
		};
/* End PBXSourcesBuildPhase section */

/* Begin PBXVariantGroup section */
		5E18CDF526393B1C002A3CFD /* LaunchScreen.storyboard */ = {
			isa = PBXVariantGroup;
			children = (
				5E18CDF626393B1C002A3CFD /* Base */,
			);
			name = LaunchScreen.storyboard;
			sourceTree = "<group>";
		};
/* End PBXVariantGroup section */

/* Begin XCBuildConfiguration section */
		5E18CDF926393B1C002A3CFD /* Debug */ = {
			isa = XCBuildConfiguration;
			buildSettings = {
				ALWAYS_SEARCH_USER_PATHS = NO;
				CLANG_ANALYZER_NONNULL = YES;
				CLANG_ANALYZER_NUMBER_OBJECT_CONVERSION = YES_AGGRESSIVE;
				CLANG_CXX_LANGUAGE_STANDARD = "gnu++14";
				CLANG_CXX_LIBRARY = "libc++";
				CLANG_ENABLE_MODULES = YES;
				CLANG_ENABLE_OBJC_ARC = YES;
				CLANG_ENABLE_OBJC_WEAK = YES;
				CLANG_WARN_BLOCK_CAPTURE_AUTORELEASING = YES;
				CLANG_WARN_BOOL_CONVERSION = YES;
				CLANG_WARN_COMMA = YES;
				CLANG_WARN_CONSTANT_CONVERSION = YES;
				CLANG_WARN_DEPRECATED_OBJC_IMPLEMENTATIONS = YES;
				CLANG_WARN_DIRECT_OBJC_ISA_USAGE = YES_ERROR;
				CLANG_WARN_DOCUMENTATION_COMMENTS = YES;
				CLANG_WARN_EMPTY_BODY = YES;
				CLANG_WARN_ENUM_CONVERSION = YES;
				CLANG_WARN_INFINITE_RECURSION = YES;
				CLANG_WARN_INT_CONVERSION = YES;
				CLANG_WARN_NON_LITERAL_NULL_CONVERSION = YES;
				CLANG_WARN_OBJC_IMPLICIT_RETAIN_SELF = YES;
				CLANG_WARN_OBJC_LITERAL_CONVERSION = YES;
				CLANG_WARN_OBJC_ROOT_CLASS = YES_ERROR;
				CLANG_WARN_QUOTED_INCLUDE_IN_FRAMEWORK_HEADER = YES;
				CLANG_WARN_RANGE_LOOP_ANALYSIS = YES;
				CLANG_WARN_STRICT_PROTOTYPES = YES;
				CLANG_WARN_SUSPICIOUS_MOVE = YES;
				CLANG_WARN_UNGUARDED_AVAILABILITY = YES_AGGRESSIVE;
				CLANG_WARN_UNREACHABLE_CODE = YES;
				CLANG_WARN__DUPLICATE_METHOD_MATCH = YES;
				COPY_PHASE_STRIP = NO;
				DEBUG_INFORMATION_FORMAT = dwarf;
				ENABLE_STRICT_OBJC_MSGSEND = YES;
				ENABLE_TESTABILITY = YES;
				GCC_C_LANGUAGE_STANDARD = gnu11;
				GCC_DYNAMIC_NO_PIC = NO;
				GCC_NO_COMMON_BLOCKS = YES;
				GCC_OPTIMIZATION_LEVEL = 0;
				GCC_PREPROCESSOR_DEFINITIONS = (
					"DEBUG=1",
					"$(inherited)",
				);
				GCC_WARN_64_TO_32_BIT_CONVERSION = YES;
				GCC_WARN_ABOUT_RETURN_TYPE = YES_ERROR;
				GCC_WARN_UNDECLARED_SELECTOR = YES;
				GCC_WARN_UNINITIALIZED_AUTOS = YES_AGGRESSIVE;
				GCC_WARN_UNUSED_FUNCTION = YES;
				GCC_WARN_UNUSED_VARIABLE = YES;
				IPHONEOS_DEPLOYMENT_TARGET = 14.4;
				MTL_ENABLE_DEBUG_INFO = INCLUDE_SOURCE;
				MTL_FAST_MATH = YES;
				ONLY_ACTIVE_ARCH = YES;
				SDKROOT = iphoneos;
				SWIFT_ACTIVE_COMPILATION_CONDITIONS = DEBUG;
				SWIFT_OPTIMIZATION_LEVEL = "-Onone";
			};
			name = Debug;
		};
		5E18CDFA26393B1C002A3CFD /* Release */ = {
			isa = XCBuildConfiguration;
			buildSettings = {
				ALWAYS_SEARCH_USER_PATHS = NO;
				CLANG_ANALYZER_NONNULL = YES;
				CLANG_ANALYZER_NUMBER_OBJECT_CONVERSION = YES_AGGRESSIVE;
				CLANG_CXX_LANGUAGE_STANDARD = "gnu++14";
				CLANG_CXX_LIBRARY = "libc++";
				CLANG_ENABLE_MODULES = YES;
				CLANG_ENABLE_OBJC_ARC = YES;
				CLANG_ENABLE_OBJC_WEAK = YES;
				CLANG_WARN_BLOCK_CAPTURE_AUTORELEASING = YES;
				CLANG_WARN_BOOL_CONVERSION = YES;
				CLANG_WARN_COMMA = YES;
				CLANG_WARN_CONSTANT_CONVERSION = YES;
				CLANG_WARN_DEPRECATED_OBJC_IMPLEMENTATIONS = YES;
				CLANG_WARN_DIRECT_OBJC_ISA_USAGE = YES_ERROR;
				CLANG_WARN_DOCUMENTATION_COMMENTS = YES;
				CLANG_WARN_EMPTY_BODY = YES;
				CLANG_WARN_ENUM_CONVERSION = YES;
				CLANG_WARN_INFINITE_RECURSION = YES;
				CLANG_WARN_INT_CONVERSION = YES;
				CLANG_WARN_NON_LITERAL_NULL_CONVERSION = YES;
				CLANG_WARN_OBJC_IMPLICIT_RETAIN_SELF = YES;
				CLANG_WARN_OBJC_LITERAL_CONVERSION = YES;
				CLANG_WARN_OBJC_ROOT_CLASS = YES_ERROR;
				CLANG_WARN_QUOTED_INCLUDE_IN_FRAMEWORK_HEADER = YES;
				CLANG_WARN_RANGE_LOOP_ANALYSIS = YES;
				CLANG_WARN_STRICT_PROTOTYPES = YES;
				CLANG_WARN_SUSPICIOUS_MOVE = YES;
				CLANG_WARN_UNGUARDED_AVAILABILITY = YES_AGGRESSIVE;
				CLANG_WARN_UNREACHABLE_CODE = YES;
				CLANG_WARN__DUPLICATE_METHOD_MATCH = YES;
				COPY_PHASE_STRIP = NO;
				DEBUG_INFORMATION_FORMAT = "dwarf-with-dsym";
				ENABLE_NS_ASSERTIONS = NO;
				ENABLE_STRICT_OBJC_MSGSEND = YES;
				GCC_C_LANGUAGE_STANDARD = gnu11;
				GCC_NO_COMMON_BLOCKS = YES;
				GCC_WARN_64_TO_32_BIT_CONVERSION = YES;
				GCC_WARN_ABOUT_RETURN_TYPE = YES_ERROR;
				GCC_WARN_UNDECLARED_SELECTOR = YES;
				GCC_WARN_UNINITIALIZED_AUTOS = YES_AGGRESSIVE;
				GCC_WARN_UNUSED_FUNCTION = YES;
				GCC_WARN_UNUSED_VARIABLE = YES;
				IPHONEOS_DEPLOYMENT_TARGET = 14.4;
				MTL_ENABLE_DEBUG_INFO = NO;
				MTL_FAST_MATH = YES;
				SDKROOT = iphoneos;
				SWIFT_COMPILATION_MODE = wholemodule;
				SWIFT_OPTIMIZATION_LEVEL = "-O";
				VALIDATE_PRODUCT = YES;
			};
			name = Release;
		};
		5E18CDFC26393B1C002A3CFD /* Debug */ = {
			isa = XCBuildConfiguration;
			buildSettings = {
				ASSETCATALOG_COMPILER_APPICON_NAME = AppIcon;
				ASSETCATALOG_COMPILER_GLOBAL_ACCENT_COLOR_NAME = AccentColor;
				CODE_SIGN_STYLE = Automatic;
				DEVELOPMENT_TEAM = 3GQF74JFF8;
				INFOPLIST_FILE = MiniGame/Info.plist;
				LD_RUNPATH_SEARCH_PATHS = (
					"$(inherited)",
					"@executable_path/Frameworks",
				);
				PRODUCT_BUNDLE_IDENTIFIER = com.gmail.minheeshin93.MiniGame;
				PRODUCT_NAME = "$(TARGET_NAME)";
				SWIFT_VERSION = 5.0;
				TARGETED_DEVICE_FAMILY = "1,2";
			};
			name = Debug;
		};
		5E18CDFD26393B1C002A3CFD /* Release */ = {
			isa = XCBuildConfiguration;
			buildSettings = {
				ASSETCATALOG_COMPILER_APPICON_NAME = AppIcon;
				ASSETCATALOG_COMPILER_GLOBAL_ACCENT_COLOR_NAME = AccentColor;
				CODE_SIGN_STYLE = Automatic;
				DEVELOPMENT_TEAM = 3GQF74JFF8;
				INFOPLIST_FILE = MiniGame/Info.plist;
				LD_RUNPATH_SEARCH_PATHS = (
					"$(inherited)",
					"@executable_path/Frameworks",
				);
				PRODUCT_BUNDLE_IDENTIFIER = com.gmail.minheeshin93.MiniGame;
				PRODUCT_NAME = "$(TARGET_NAME)";
				SWIFT_VERSION = 5.0;
				TARGETED_DEVICE_FAMILY = "1,2";
			};
			name = Release;
		};
/* End XCBuildConfiguration section */

/* Begin XCConfigurationList section */
		5E18CDE226393B17002A3CFD /* Build configuration list for PBXProject "MiniGame" */ = {
			isa = XCConfigurationList;
			buildConfigurations = (
				5E18CDF926393B1C002A3CFD /* Debug */,
				5E18CDFA26393B1C002A3CFD /* Release */,
			);
			defaultConfigurationIsVisible = 0;
			defaultConfigurationName = Release;
		};
		5E18CDFB26393B1C002A3CFD /* Build configuration list for PBXNativeTarget "MiniGame" */ = {
			isa = XCConfigurationList;
			buildConfigurations = (
				5E18CDFC26393B1C002A3CFD /* Debug */,
				5E18CDFD26393B1C002A3CFD /* Release */,
			);
			defaultConfigurationIsVisible = 0;
			defaultConfigurationName = Release;
		};
/* End XCConfigurationList section */

/* Begin XCRemoteSwiftPackageReference section */
		5E18CDFF26393BE5002A3CFD /* XCRemoteSwiftPackageReference "SnapKit" */ = {
			isa = XCRemoteSwiftPackageReference;
			repositoryURL = "https://github.com/SnapKit/SnapKit.git";
			requirement = {
				kind = upToNextMajorVersion;
				minimumVersion = 5.0.1;
			};
		};
/* End XCRemoteSwiftPackageReference section */

/* Begin XCSwiftPackageProductDependency section */
		5E18CE0026393BE5002A3CFD /* SnapKit */ = {
			isa = XCSwiftPackageProductDependency;
			package = 5E18CDFF26393BE5002A3CFD /* XCRemoteSwiftPackageReference "SnapKit" */;
			productName = SnapKit;
		};
/* End XCSwiftPackageProductDependency section */
	};
	rootObject = 5E18CDDF26393B17002A3CFD /* Project object */;
}
